// !$*UTF8*$!
{
	archiveVersion = 1;
	classes = {
	};
	objectVersion = 46;
	objects = {

/* Begin PBXBuildFile section */
		C6159A25E212C772221B6F13 /* Pods_AsyncTasks.framework in Frameworks */ = {isa = PBXBuildFile; fileRef = 02EF89C6DE5DB623C3437190 /* Pods_AsyncTasks.framework */; };
		FE8DC3C31CD7145F00577FDD /* AsyncDelegateTaskViewController.swift in Sources */ = {isa = PBXBuildFile; fileRef = FE8DC3C21CD7145F00577FDD /* AsyncDelegateTaskViewController.swift */; };
		FE8DC3C51CD7146800577FDD /* AsyncNotificationTaskViewController.swift in Sources */ = {isa = PBXBuildFile; fileRef = FE8DC3C41CD7146800577FDD /* AsyncNotificationTaskViewController.swift */; };
		FEE7F0B71CD6FBAE001E25CA /* AppDelegate.swift in Sources */ = {isa = PBXBuildFile; fileRef = FEE7F0B61CD6FBAE001E25CA /* AppDelegate.swift */; };
		FEE7F0C01CD6FBAE001E25CA /* Assets.xcassets in Resources */ = {isa = PBXBuildFile; fileRef = FEE7F0BF1CD6FBAE001E25CA /* Assets.xcassets */; };
		FEE7F0C31CD6FBAE001E25CA /* LaunchScreen.storyboard in Resources */ = {isa = PBXBuildFile; fileRef = FEE7F0C11CD6FBAE001E25CA /* LaunchScreen.storyboard */; };
		FEE7F0CC1CD6FE8C001E25CA /* RemoteModel.swift in Sources */ = {isa = PBXBuildFile; fileRef = FEE7F0CB1CD6FE8C001E25CA /* RemoteModel.swift */; };
		FEE7F0DC1CD70E68001E25CA /* Main.storyboard in Resources */ = {isa = PBXBuildFile; fileRef = FEE7F0DB1CD70E68001E25CA /* Main.storyboard */; };
		FEE7F0DE1CD70F73001E25CA /* AsyncCallbackTaskViewController.swift in Sources */ = {isa = PBXBuildFile; fileRef = FEE7F0DD1CD70F73001E25CA /* AsyncCallbackTaskViewController.swift */; };
		FEE7F0E01CD70F7A001E25CA /* SyncTaskViewController.swift in Sources */ = {isa = PBXBuildFile; fileRef = FEE7F0DF1CD70F7A001E25CA /* SyncTaskViewController.swift */; };
/* End PBXBuildFile section */

/* Begin PBXFileReference section */
		02EF89C6DE5DB623C3437190 /* Pods_AsyncTasks.framework */ = {isa = PBXFileReference; explicitFileType = wrapper.framework; includeInIndex = 0; path = Pods_AsyncTasks.framework; sourceTree = BUILT_PRODUCTS_DIR; };
		318C2FBD7FE162FA68E59B74 /* Pods-AsyncTasks.release.xcconfig */ = {isa = PBXFileReference; includeInIndex = 1; lastKnownFileType = text.xcconfig; name = "Pods-AsyncTasks.release.xcconfig"; path = "Pods/Target Support Files/Pods-AsyncTasks/Pods-AsyncTasks.release.xcconfig"; sourceTree = "<group>"; };
		DD64AAC2CA6EECB54C16568E /* Pods-AsyncTasks.debug.xcconfig */ = {isa = PBXFileReference; includeInIndex = 1; lastKnownFileType = text.xcconfig; name = "Pods-AsyncTasks.debug.xcconfig"; path = "Pods/Target Support Files/Pods-AsyncTasks/Pods-AsyncTasks.debug.xcconfig"; sourceTree = "<group>"; };
		FE8DC3C21CD7145F00577FDD /* AsyncDelegateTaskViewController.swift */ = {isa = PBXFileReference; fileEncoding = 4; lastKnownFileType = sourcecode.swift; path = AsyncDelegateTaskViewController.swift; sourceTree = "<group>"; };
		FE8DC3C41CD7146800577FDD /* AsyncNotificationTaskViewController.swift */ = {isa = PBXFileReference; fileEncoding = 4; lastKnownFileType = sourcecode.swift; path = AsyncNotificationTaskViewController.swift; sourceTree = "<group>"; };
		FEE7F0B31CD6FBAE001E25CA /* AsyncTasks.app */ = {isa = PBXFileReference; explicitFileType = wrapper.application; includeInIndex = 0; path = AsyncTasks.app; sourceTree = BUILT_PRODUCTS_DIR; };
		FEE7F0B61CD6FBAE001E25CA /* AppDelegate.swift */ = {isa = PBXFileReference; lastKnownFileType = sourcecode.swift; path = AppDelegate.swift; sourceTree = "<group>"; };
		FEE7F0BF1CD6FBAE001E25CA /* Assets.xcassets */ = {isa = PBXFileReference; lastKnownFileType = folder.assetcatalog; path = Assets.xcassets; sourceTree = "<group>"; };
		FEE7F0C21CD6FBAE001E25CA /* Base */ = {isa = PBXFileReference; lastKnownFileType = file.storyboard; name = Base; path = Base.lproj/LaunchScreen.storyboard; sourceTree = "<group>"; };
		FEE7F0C41CD6FBAE001E25CA /* Info.plist */ = {isa = PBXFileReference; lastKnownFileType = text.plist.xml; path = Info.plist; sourceTree = "<group>"; };
		FEE7F0CB1CD6FE8C001E25CA /* RemoteModel.swift */ = {isa = PBXFileReference; fileEncoding = 4; lastKnownFileType = sourcecode.swift; path = RemoteModel.swift; sourceTree = "<group>"; };
		FEE7F0DB1CD70E68001E25CA /* Main.storyboard */ = {isa = PBXFileReference; fileEncoding = 4; lastKnownFileType = file.storyboard; path = Main.storyboard; sourceTree = "<group>"; };
		FEE7F0DD1CD70F73001E25CA /* AsyncCallbackTaskViewController.swift */ = {isa = PBXFileReference; fileEncoding = 4; lastKnownFileType = sourcecode.swift; path = AsyncCallbackTaskViewController.swift; sourceTree = "<group>"; };
		FEE7F0DF1CD70F7A001E25CA /* SyncTaskViewController.swift */ = {isa = PBXFileReference; fileEncoding = 4; lastKnownFileType = sourcecode.swift; path = SyncTaskViewController.swift; sourceTree = "<group>"; };
/* End PBXFileReference section */

/* Begin PBXFrameworksBuildPhase section */
		FEE7F0B01CD6FBAE001E25CA /* Frameworks */ = {
			isa = PBXFrameworksBuildPhase;
			buildActionMask = 2147483647;
			files = (
				C6159A25E212C772221B6F13 /* Pods_AsyncTasks.framework in Frameworks */,
			);
			runOnlyForDeploymentPostprocessing = 0;
		};
/* End PBXFrameworksBuildPhase section */

/* Begin PBXGroup section */
		98AA7AD07392F3100CCA33D8 /* Pods */ = {
			isa = PBXGroup;
			children = (
				DD64AAC2CA6EECB54C16568E /* Pods-AsyncTasks.debug.xcconfig */,
				318C2FBD7FE162FA68E59B74 /* Pods-AsyncTasks.release.xcconfig */,
			);
			name = Pods;
			sourceTree = "<group>";
		};
		DCA5DB769991BD859391D6D0 /* Frameworks */ = {
			isa = PBXGroup;
			children = (
				02EF89C6DE5DB623C3437190 /* Pods_AsyncTasks.framework */,
			);
			name = Frameworks;
			sourceTree = "<group>";
		};
		FEE7F0AA1CD6FBAE001E25CA = {
			isa = PBXGroup;
			children = (
				FEE7F0B51CD6FBAE001E25CA /* AsyncTasks */,
				FEE7F0B41CD6FBAE001E25CA /* Products */,
				98AA7AD07392F3100CCA33D8 /* Pods */,
				DCA5DB769991BD859391D6D0 /* Frameworks */,
			);
			sourceTree = "<group>";
		};
		FEE7F0B41CD6FBAE001E25CA /* Products */ = {
			isa = PBXGroup;
			children = (
				FEE7F0B31CD6FBAE001E25CA /* AsyncTasks.app */,
			);
			name = Products;
			sourceTree = "<group>";
		};
		FEE7F0B51CD6FBAE001E25CA /* AsyncTasks */ = {
			isa = PBXGroup;
			children = (
				FEE7F0B61CD6FBAE001E25CA /* AppDelegate.swift */,
				FEE7F0DF1CD70F7A001E25CA /* SyncTaskViewController.swift */,
				FEE7F0DD1CD70F73001E25CA /* AsyncCallbackTaskViewController.swift */,
				FE8DC3C21CD7145F00577FDD /* AsyncDelegateTaskViewController.swift */,
				FE8DC3C41CD7146800577FDD /* AsyncNotificationTaskViewController.swift */,
				FEE7F0CB1CD6FE8C001E25CA /* RemoteModel.swift */,
				FEE7F0BF1CD6FBAE001E25CA /* Assets.xcassets */,
				FEE7F0DB1CD70E68001E25CA /* Main.storyboard */,
				FEE7F0C11CD6FBAE001E25CA /* LaunchScreen.storyboard */,
				FEE7F0C41CD6FBAE001E25CA /* Info.plist */,
			);
			path = AsyncTasks;
			sourceTree = "<group>";
		};
/* End PBXGroup section */

/* Begin PBXNativeTarget section */
		FEE7F0B21CD6FBAE001E25CA /* AsyncTasks */ = {
			isa = PBXNativeTarget;
			buildConfigurationList = FEE7F0C71CD6FBAE001E25CA /* Build configuration list for PBXNativeTarget "AsyncTasks" */;
			buildPhases = (
				EEEF29544BDFD367BB91C8D2 /* 📦 Check Pods Manifest.lock */,
				FEE7F0CA1CD6FBF6001E25CA /* Swiftlint */,
				FEE7F0AF1CD6FBAE001E25CA /* Sources */,
				FEE7F0B01CD6FBAE001E25CA /* Frameworks */,
				FEE7F0B11CD6FBAE001E25CA /* Resources */,
				D451398AA84093C4B67C40B0 /* 📦 Embed Pods Frameworks */,
				EF678DCC5AA60F06B2113B36 /* 📦 Copy Pods Resources */,
			);
			buildRules = (
			);
			dependencies = (
			);
			name = AsyncTasks;
			productName = AsyncTasks;
			productReference = FEE7F0B31CD6FBAE001E25CA /* AsyncTasks.app */;
			productType = "com.apple.product-type.application";
		};
/* End PBXNativeTarget section */

/* Begin PBXProject section */
		FEE7F0AB1CD6FBAE001E25CA /* Project object */ = {
			isa = PBXProject;
			attributes = {
				LastSwiftUpdateCheck = 0730;
				LastUpgradeCheck = 0730;
				ORGANIZATIONNAME = sodas;
				TargetAttributes = {
					FEE7F0B21CD6FBAE001E25CA = {
						CreatedOnToolsVersion = 7.3;
					};
				};
			};
			buildConfigurationList = FEE7F0AE1CD6FBAE001E25CA /* Build configuration list for PBXProject "AsyncTasks" */;
			compatibilityVersion = "Xcode 3.2";
			developmentRegion = English;
			hasScannedForEncodings = 0;
			knownRegions = (
				en,
				Base,
			);
			mainGroup = FEE7F0AA1CD6FBAE001E25CA;
			productRefGroup = FEE7F0B41CD6FBAE001E25CA /* Products */;
			projectDirPath = "";
			projectRoot = "";
			targets = (
				FEE7F0B21CD6FBAE001E25CA /* AsyncTasks */,
			);
		};
/* End PBXProject section */

/* Begin PBXResourcesBuildPhase section */
		FEE7F0B11CD6FBAE001E25CA /* Resources */ = {
			isa = PBXResourcesBuildPhase;
			buildActionMask = 2147483647;
			files = (
				FEE7F0DC1CD70E68001E25CA /* Main.storyboard in Resources */,
				FEE7F0C31CD6FBAE001E25CA /* LaunchScreen.storyboard in Resources */,
				FEE7F0C01CD6FBAE001E25CA /* Assets.xcassets in Resources */,
			);
			runOnlyForDeploymentPostprocessing = 0;
		};
/* End PBXResourcesBuildPhase section */

/* Begin PBXShellScriptBuildPhase section */
		D451398AA84093C4B67C40B0 /* 📦 Embed Pods Frameworks */ = {
			isa = PBXShellScriptBuildPhase;
			buildActionMask = 2147483647;
			files = (
			);
			inputPaths = (
			);
			name = "📦 Embed Pods Frameworks";
			outputPaths = (
			);
			runOnlyForDeploymentPostprocessing = 0;
			shellPath = /bin/sh;
			shellScript = "\"${SRCROOT}/Pods/Target Support Files/Pods-AsyncTasks/Pods-AsyncTasks-frameworks.sh\"\n";
			showEnvVarsInLog = 0;
		};
		EEEF29544BDFD367BB91C8D2 /* 📦 Check Pods Manifest.lock */ = {
			isa = PBXShellScriptBuildPhase;
			buildActionMask = 2147483647;
			files = (
			);
			inputPaths = (
			);
			name = "📦 Check Pods Manifest.lock";
			outputPaths = (
			);
			runOnlyForDeploymentPostprocessing = 0;
			shellPath = /bin/sh;
			shellScript = "diff \"${PODS_ROOT}/../Podfile.lock\" \"${PODS_ROOT}/Manifest.lock\" > /dev/null\nif [[ $? != 0 ]] ; then\n    cat << EOM\nerror: The sandbox is not in sync with the Podfile.lock. Run 'pod install' or update your CocoaPods installation.\nEOM\n    exit 1\nfi\n";
			showEnvVarsInLog = 0;
		};
		EF678DCC5AA60F06B2113B36 /* 📦 Copy Pods Resources */ = {
			isa = PBXShellScriptBuildPhase;
			buildActionMask = 2147483647;
			files = (
			);
			inputPaths = (
			);
			name = "📦 Copy Pods Resources";
			outputPaths = (
			);
			runOnlyForDeploymentPostprocessing = 0;
			shellPath = /bin/sh;
			shellScript = "\"${SRCROOT}/Pods/Target Support Files/Pods-AsyncTasks/Pods-AsyncTasks-resources.sh\"\n";
			showEnvVarsInLog = 0;
		};
		FEE7F0CA1CD6FBF6001E25CA /* Swiftlint */ = {
			isa = PBXShellScriptBuildPhase;
			buildActionMask = 2147483647;
			files = (
			);
			inputPaths = (
			);
			name = Swiftlint;
			outputPaths = (
			);
			runOnlyForDeploymentPostprocessing = 0;
			shellPath = /bin/sh;
			shellScript = "#!/usr/bin/env sh\nif which swiftlint >/dev/null; then\n    swiftlint\nfi";
			showEnvVarsInLog = 0;
		};
/* End PBXShellScriptBuildPhase section */

/* Begin PBXSourcesBuildPhase section */
		FEE7F0AF1CD6FBAE001E25CA /* Sources */ = {
			isa = PBXSourcesBuildPhase;
			buildActionMask = 2147483647;
			files = (
				FEE7F0B71CD6FBAE001E25CA /* AppDelegate.swift in Sources */,
				FE8DC3C31CD7145F00577FDD /* AsyncDelegateTaskViewController.swift in Sources */,
				FEE7F0DE1CD70F73001E25CA /* AsyncCallbackTaskViewController.swift in Sources */,
				FEE7F0E01CD70F7A001E25CA /* SyncTaskViewController.swift in Sources */,
				FEE7F0CC1CD6FE8C001E25CA /* RemoteModel.swift in Sources */,
				FE8DC3C51CD7146800577FDD /* AsyncNotificationTaskViewController.swift in Sources */,
			);
			runOnlyForDeploymentPostprocessing = 0;
		};
/* End PBXSourcesBuildPhase section */

/* Begin PBXVariantGroup section */
		FEE7F0C11CD6FBAE001E25CA /* LaunchScreen.storyboard */ = {
			isa = PBXVariantGroup;
			children = (
				FEE7F0C21CD6FBAE001E25CA /* Base */,
			);
			name = LaunchScreen.storyboard;
			sourceTree = "<group>";
		};
/* End PBXVariantGroup section */

/* Begin XCBuildConfiguration section */
		FEE7F0C51CD6FBAE001E25CA /* Debug */ = {
			isa = XCBuildConfiguration;
			buildSettings = {
				ALWAYS_SEARCH_USER_PATHS = NO;
				CLANG_ANALYZER_NONNULL = YES;
				CLANG_CXX_LANGUAGE_STANDARD = "gnu++0x";
				CLANG_CXX_LIBRARY = "libc++";
				CLANG_ENABLE_MODULES = YES;
				CLANG_ENABLE_OBJC_ARC = YES;
				CLANG_WARN_BOOL_CONVERSION = YES;
				CLANG_WARN_CONSTANT_CONVERSION = YES;
				CLANG_WARN_DIRECT_OBJC_ISA_USAGE = YES_ERROR;
				CLANG_WARN_EMPTY_BODY = YES;
				CLANG_WARN_ENUM_CONVERSION = YES;
				CLANG_WARN_INT_CONVERSION = YES;
				CLANG_WARN_OBJC_ROOT_CLASS = YES_ERROR;
				CLANG_WARN_UNREACHABLE_CODE = YES;
				CLANG_WARN__DUPLICATE_METHOD_MATCH = YES;
				"CODE_SIGN_IDENTITY[sdk=iphoneos*]" = "iPhone Developer";
				COPY_PHASE_STRIP = NO;
				DEBUG_INFORMATION_FORMAT = dwarf;
				ENABLE_STRICT_OBJC_MSGSEND = YES;
				ENABLE_TESTABILITY = YES;
				GCC_C_LANGUAGE_STANDARD = gnu99;
				GCC_DYNAMIC_NO_PIC = NO;
				GCC_NO_COMMON_BLOCKS = YES;
				GCC_OPTIMIZATION_LEVEL = 0;
				GCC_PREPROCESSOR_DEFINITIONS = (
					"DEBUG=1",
					"$(inherited)",
				);
				GCC_WARN_64_TO_32_BIT_CONVERSION = YES;
				GCC_WARN_ABOUT_RETURN_TYPE = YES_ERROR;
				GCC_WARN_UNDECLARED_SELECTOR = YES;
				GCC_WARN_UNINITIALIZED_AUTOS = YES_AGGRESSIVE;
				GCC_WARN_UNUSED_FUNCTION = YES;
				GCC_WARN_UNUSED_VARIABLE = YES;
				IPHONEOS_DEPLOYMENT_TARGET = 9.0;
				MTL_ENABLE_DEBUG_INFO = YES;
				ONLY_ACTIVE_ARCH = YES;
				SDKROOT = iphoneos;
				SWIFT_OPTIMIZATION_LEVEL = "-Onone";
				TARGETED_DEVICE_FAMILY = "1,2";
			};
			name = Debug;
		};
		FEE7F0C61CD6FBAE001E25CA /* Release */ = {
			isa = XCBuildConfiguration;
			buildSettings = {
				ALWAYS_SEARCH_USER_PATHS = NO;
				CLANG_ANALYZER_NONNULL = YES;
				CLANG_CXX_LANGUAGE_STANDARD = "gnu++0x";
				CLANG_CXX_LIBRARY = "libc++";
				CLANG_ENABLE_MODULES = YES;
				CLANG_ENABLE_OBJC_ARC = YES;
				CLANG_WARN_BOOL_CONVERSION = YES;
				CLANG_WARN_CONSTANT_CONVERSION = YES;
				CLANG_WARN_DIRECT_OBJC_ISA_USAGE = YES_ERROR;
				CLANG_WARN_EMPTY_BODY = YES;
				CLANG_WARN_ENUM_CONVERSION = YES;
				CLANG_WARN_INT_CONVERSION = YES;
				CLANG_WARN_OBJC_ROOT_CLASS = YES_ERROR;
				CLANG_WARN_UNREACHABLE_CODE = YES;
				CLANG_WARN__DUPLICATE_METHOD_MATCH = YES;
				"CODE_SIGN_IDENTITY[sdk=iphoneos*]" = "iPhone Developer";
				COPY_PHASE_STRIP = NO;
				DEBUG_INFORMATION_FORMAT = "dwarf-with-dsym";
				ENABLE_NS_ASSERTIONS = NO;
				ENABLE_STRICT_OBJC_MSGSEND = YES;
				GCC_C_LANGUAGE_STANDARD = gnu99;
				GCC_NO_COMMON_BLOCKS = YES;
				GCC_WARN_64_TO_32_BIT_CONVERSION = YES;
				GCC_WARN_ABOUT_RETURN_TYPE = YES_ERROR;
				GCC_WARN_UNDECLARED_SELECTOR = YES;
				GCC_WARN_UNINITIALIZED_AUTOS = YES_AGGRESSIVE;
				GCC_WARN_UNUSED_FUNCTION = YES;
				GCC_WARN_UNUSED_VARIABLE = YES;
				IPHONEOS_DEPLOYMENT_TARGET = 9.0;
				MTL_ENABLE_DEBUG_INFO = NO;
				SDKROOT = iphoneos;
				TARGETED_DEVICE_FAMILY = "1,2";
				VALIDATE_PRODUCT = YES;
			};
			name = Release;
		};
		FEE7F0C81CD6FBAE001E25CA /* Debug */ = {
			isa = XCBuildConfiguration;
			baseConfigurationReference = DD64AAC2CA6EECB54C16568E /* Pods-AsyncTasks.debug.xcconfig */;
			buildSettings = {
				ASSETCATALOG_COMPILER_APPICON_NAME = AppIcon;
				INFOPLIST_FILE = AsyncTasks/Info.plist;
				LD_RUNPATH_SEARCH_PATHS = "$(inherited) @executable_path/Frameworks";
				PRODUCT_BUNDLE_IDENTIFIER = tw.sodas.AsyncTasks;
				PRODUCT_NAME = "$(TARGET_NAME)";
			};
			name = Debug;
		};
		FEE7F0C91CD6FBAE001E25CA /* Release */ = {
			isa = XCBuildConfiguration;
			baseConfigurationReference = 318C2FBD7FE162FA68E59B74 /* Pods-AsyncTasks.release.xcconfig */;
			buildSettings = {
				ASSETCATALOG_COMPILER_APPICON_NAME = AppIcon;
				INFOPLIST_FILE = AsyncTasks/Info.plist;
				LD_RUNPATH_SEARCH_PATHS = "$(inherited) @executable_path/Frameworks";
				PRODUCT_BUNDLE_IDENTIFIER = tw.sodas.AsyncTasks;
				PRODUCT_NAME = "$(TARGET_NAME)";
			};
			name = Release;
		};
/* End XCBuildConfiguration section */

/* Begin XCConfigurationList section */
		FEE7F0AE1CD6FBAE001E25CA /* Build configuration list for PBXProject "AsyncTasks" */ = {
			isa = XCConfigurationList;
			buildConfigurations = (
				FEE7F0C51CD6FBAE001E25CA /* Debug */,
				FEE7F0C61CD6FBAE001E25CA /* Release */,
			);
			defaultConfigurationIsVisible = 0;
			defaultConfigurationName = Release;
		};
		FEE7F0C71CD6FBAE001E25CA /* Build configuration list for PBXNativeTarget "AsyncTasks" */ = {
			isa = XCConfigurationList;
			buildConfigurations = (
				FEE7F0C81CD6FBAE001E25CA /* Debug */,
				FEE7F0C91CD6FBAE001E25CA /* Release */,
			);
			defaultConfigurationIsVisible = 0;
			defaultConfigurationName = Release;
		};
/* End XCConfigurationList section */
	};
	rootObject = FEE7F0AB1CD6FBAE001E25CA /* Project object */;
}
